Microsoft Visual Studio Solution File, Format Version 12.00
# Visual Studio Version 17
VisualStudioVersion = 17.5.2.0
MinimumVisualStudioVersion = 10.0.40219.1
Project("{2150E333-8FDC-42A3-9474-1A3956D46DE8}") = "apps", "apps", "{1787FE1D-075E-9E68-7218-25F1BD1BBEAB}"
EndProject
Project("{2150E333-8FDC-42A3-9474-1A3956D46DE8}") = "backend", "backend", "{270F7A58-C097-D64B-0343-582534E94D4F}"
EndProject
Project("{FAE04EC0-301F-11D3-BF4B-00C04F79EFBC}") = "YoutubeLiveApp", "apps\backend\YoutubeLiveApp\YoutubeLiveApp.csproj", "{8071646E-FA02-7857-1F30-F0449D3C515B}"
EndProject
Global
	GlobalSection(SolutionConfigurationPlatforms) = preSolution
		Debug|Any CPU = Debug|Any CPU
		Release|Any CPU = Release|Any CPU
	EndGlobalSection
	GlobalSection(ProjectConfigurationPlatforms) = postSolution
		{8071646E-FA02-7857-1F30-F0449D3C515B}.Debug|Any CPU.ActiveCfg = Debug|Any CPU
		{8071646E-FA02-7857-1F30-F0449D3C515B}.Debug|Any CPU.Build.0 = Debug|Any CPU
		{8071646E-FA02-7857-1F30-F0449D3C515B}.Release|Any CPU.ActiveCfg = Release|Any CPU
		{8071646E-FA02-7857-1F30-F0449D3C515B}.Release|Any CPU.Build.0 = Release|Any CPU
	EndGlobalSection
	GlobalSection(SolutionProperties) = preSolution
		HideSolutionNode = FALSE
	EndGlobalSection
	GlobalSection(NestedProjects) = preSolution
		{270F7A58-C097-D64B-0343-582534E94D4F} = {1787FE1D-075E-9E68-7218-25F1BD1BBEAB}
		{8071646E-FA02-7857-1F30-F0449D3C515B} = {270F7A58-C097-D64B-0343-582534E94D4F}
	EndGlobalSection
	GlobalSection(ExtensibilityGlobals) = postSolution
		SolutionGuid = {9146D733-B944-48C1-8515-F44CE099EA52}
	EndGlobalSection
EndGlobal
